
Microsoft Visual Studio Solution File, Format Version 12.00
# Visual Studio Version 17
VisualStudioVersion = 17.10.35027.167
MinimumVisualStudioVersion = 10.0.40219.1
Project("{FAE04EC0-301F-11D3-BF4B-00C04F79EFBC}") = "CRUD_EXAMPLE", "CRUD_EXAMPLE\CRUD_EXAMPLE.csproj", "{F781125A-35D0-451F-A0DD-399E39C68680}"
EndProject
Global
	GlobalSection(SolutionConfigurationPlatforms) = preSolution
		Debug|Any CPU = Debug|Any CPU
		Release|Any CPU = Release|Any CPU
	EndGlobalSection
	GlobalSection(ProjectConfigurationPlatforms) = postSolution
		{F781125A-35D0-451F-A0DD-399E39C68680}.Debug|Any CPU.ActiveCfg = Debug|Any CPU
		{F781125A-35D0-451F-A0DD-399E39C68680}.Debug|Any CPU.Build.0 = Debug|Any CPU
		{F781125A-35D0-451F-A0DD-399E39C68680}.Release|Any CPU.ActiveCfg = Release|Any CPU
		{F781125A-35D0-451F-A0DD-399E39C68680}.Release|Any CPU.Build.0 = Release|Any CPU
	EndGlobalSection
	GlobalSection(SolutionProperties) = preSolution
		HideSolutionNode = FALSE
	EndGlobalSection
	GlobalSection(ExtensibilityGlobals) = postSolution
		SolutionGuid = {0A737F36-7D5F-400C-968E-583F4D5387AF}
	EndGlobalSection
EndGlobal
